
Microsoft Visual Studio Solution File, Format Version 12.00
# Visual Studio Version 17
VisualStudioVersion = 17.9.34607.119
MinimumVisualStudioVersion = 10.0.40219.1
Project("{FAE04EC0-301F-11D3-BF4B-00C04F79EFBC}") = "Lab_Delegate_MECG_AEEI", "Lab_Delegate_MECG_AEEI\Lab_Delegate_MECG_AEEI.csproj", "{51703BA5-0DB9-417E-AB7D-57D82F651038}"
EndProject
Global
	GlobalSection(SolutionConfigurationPlatforms) = preSolution
		Debug|Any CPU = Debug|Any CPU
		Release|Any CPU = Release|Any CPU
	EndGlobalSection
	GlobalSection(ProjectConfigurationPlatforms) = postSolution
		{51703BA5-0DB9-417E-AB7D-57D82F651038}.Debug|Any CPU.ActiveCfg = Debug|Any CPU
		{51703BA5-0DB9-417E-AB7D-57D82F651038}.Debug|Any CPU.Build.0 = Debug|Any CPU
		{51703BA5-0DB9-417E-AB7D-57D82F651038}.Release|Any CPU.ActiveCfg = Release|Any CPU
		{51703BA5-0DB9-417E-AB7D-57D82F651038}.Release|Any CPU.Build.0 = Release|Any CPU
	EndGlobalSection
	GlobalSection(SolutionProperties) = preSolution
		HideSolutionNode = FALSE
	EndGlobalSection
	GlobalSection(ExtensibilityGlobals) = postSolution
		SolutionGuid = {3F6997C3-C9A8-4720-9A70-98A3D58D6567}
	EndGlobalSection
EndGlobal
